Microsoft Visual Studio Solution File, Format Version 12.00
# Visual Studio 2012
Project("{FAE04EC0-301F-11D3-BF4B-00C04F79EFBC}") = "Modelling-Four", "Modelling-Four.csproj", "{C186BC56-ADBF-4E2E-9ACF-01087162FC09}"
EndProject
Global
	GlobalSection(SolutionConfigurationPlatforms) = preSolution
	Debug|Any CPU = Debug|Any CPU
	ExportDebug|Any CPU = ExportDebug|Any CPU
	ExportRelease|Any CPU = ExportRelease|Any CPU
	EndGlobalSection
	GlobalSection(ProjectConfigurationPlatforms) = postSolution
		{C186BC56-ADBF-4E2E-9ACF-01087162FC09}.Debug|Any CPU.ActiveCfg = Debug|Any CPU
		{C186BC56-ADBF-4E2E-9ACF-01087162FC09}.Debug|Any CPU.Build.0 = Debug|Any CPU
		{C186BC56-ADBF-4E2E-9ACF-01087162FC09}.ExportDebug|Any CPU.ActiveCfg = ExportDebug|Any CPU
		{C186BC56-ADBF-4E2E-9ACF-01087162FC09}.ExportDebug|Any CPU.Build.0 = ExportDebug|Any CPU
		{C186BC56-ADBF-4E2E-9ACF-01087162FC09}.ExportRelease|Any CPU.ActiveCfg = ExportRelease|Any CPU
		{C186BC56-ADBF-4E2E-9ACF-01087162FC09}.ExportRelease|Any CPU.Build.0 = ExportRelease|Any CPU
	EndGlobalSection
EndGlobal
